
Microsoft Visual Studio Solution File, Format Version 12.00
# Visual Studio Version 16
VisualStudioVersion = 16.0.29709.97
MinimumVisualStudioVersion = 10.0.40219.1
Project("{FAE04EC0-301F-11D3-BF4B-00C04F79EFBC}") = "Class Project - Deliverable 2 - Iterative Statement", "Class Project - Deliverable 2 - Iterative Statement.csproj", "{DF95C16E-FC95-4D30-808A-D5D3975B35EF}"
EndProject
Global
	GlobalSection(SolutionConfigurationPlatforms) = preSolution
		Debug|Any CPU = Debug|Any CPU
		Release|Any CPU = Release|Any CPU
	EndGlobalSection
	GlobalSection(ProjectConfigurationPlatforms) = postSolution
		{DF95C16E-FC95-4D30-808A-D5D3975B35EF}.Debug|Any CPU.ActiveCfg = Debug|Any CPU
		{DF95C16E-FC95-4D30-808A-D5D3975B35EF}.Debug|Any CPU.Build.0 = Debug|Any CPU
		{DF95C16E-FC95-4D30-808A-D5D3975B35EF}.Release|Any CPU.ActiveCfg = Release|Any CPU
		{DF95C16E-FC95-4D30-808A-D5D3975B35EF}.Release|Any CPU.Build.0 = Release|Any CPU
	EndGlobalSection
	GlobalSection(SolutionProperties) = preSolution
		HideSolutionNode = FALSE
	EndGlobalSection
	GlobalSection(ExtensibilityGlobals) = postSolution
		SolutionGuid = {C00A4603-A3A9-4CEE-AB45-8E2D172A172B}
	EndGlobalSection
EndGlobal
